
Microsoft Visual Studio Solution File, Format Version 12.00
# Visual Studio 15
Project("{FAE04EC0-301F-11D3-BF4B-00C04F79EFBC}") = "Assembly-CSharp", "Assembly-CSharp.csproj", "{D0C916C8-2F8C-816F-7E24-B197D90C2693}"
EndProject
Project("{FAE04EC0-301F-11D3-BF4B-00C04F79EFBC}") = "Assembly-CSharp-Editor", "Assembly-CSharp-Editor.csproj", "{7D4D6FFA-59C4-F4C6-556F-86D100AF9CA1}"
EndProject
Project("{FAE04EC0-301F-11D3-BF4B-00C04F79EFBC}") = "Infrustructure", "Infrustructure.csproj", "{92B164B9-E02E-3C54-E14F-6ADDDFFF19B5}"
EndProject
Global
	GlobalSection(SolutionConfigurationPlatforms) = preSolution
		Debug|Any CPU = Debug|Any CPU
		Release|Any CPU = Release|Any CPU
	EndGlobalSection
	GlobalSection(ProjectConfigurationPlatforms) = postSolution
		{D0C916C8-2F8C-816F-7E24-B197D90C2693}.Debug|Any CPU.ActiveCfg = Debug|Any CPU
		{D0C916C8-2F8C-816F-7E24-B197D90C2693}.Debug|Any CPU.Build.0 = Debug|Any CPU
		{D0C916C8-2F8C-816F-7E24-B197D90C2693}.Release|Any CPU.ActiveCfg = Release|Any CPU
		{D0C916C8-2F8C-816F-7E24-B197D90C2693}.Release|Any CPU.Build.0 = Release|Any CPU
		{7D4D6FFA-59C4-F4C6-556F-86D100AF9CA1}.Debug|Any CPU.ActiveCfg = Debug|Any CPU
		{7D4D6FFA-59C4-F4C6-556F-86D100AF9CA1}.Debug|Any CPU.Build.0 = Debug|Any CPU
		{7D4D6FFA-59C4-F4C6-556F-86D100AF9CA1}.Release|Any CPU.ActiveCfg = Release|Any CPU
		{7D4D6FFA-59C4-F4C6-556F-86D100AF9CA1}.Release|Any CPU.Build.0 = Release|Any CPU
		{92B164B9-E02E-3C54-E14F-6ADDDFFF19B5}.Debug|Any CPU.ActiveCfg = Debug|Any CPU
		{92B164B9-E02E-3C54-E14F-6ADDDFFF19B5}.Debug|Any CPU.Build.0 = Debug|Any CPU
		{92B164B9-E02E-3C54-E14F-6ADDDFFF19B5}.Release|Any CPU.ActiveCfg = Release|Any CPU
		{92B164B9-E02E-3C54-E14F-6ADDDFFF19B5}.Release|Any CPU.Build.0 = Release|Any CPU
	EndGlobalSection
	GlobalSection(SolutionProperties) = preSolution
		HideSolutionNode = FALSE
	EndGlobalSection
EndGlobal
